
Microsoft Visual Studio Solution File, Format Version 12.00
# Visual Studio 15
Project("{FAE04EC0-301F-11D3-BF4B-00C04F79EFBC}") = "TestSingletonReactive", "TestSingletonReactive\TestSingletonReactive.csproj", "{CE614DF4-8D96-4C99-AA5F-E8BA5FAC80C8}"
EndProject
Global
	GlobalSection(SolutionConfigurationPlatforms) = preSolution
		Debug|x86 = Debug|x86
		Release|x86 = Release|x86
	EndGlobalSection
	GlobalSection(ProjectConfigurationPlatforms) = postSolution
		{CE614DF4-8D96-4C99-AA5F-E8BA5FAC80C8}.Debug|x86.ActiveCfg = Debug|x86
		{CE614DF4-8D96-4C99-AA5F-E8BA5FAC80C8}.Debug|x86.Build.0 = Debug|x86
		{CE614DF4-8D96-4C99-AA5F-E8BA5FAC80C8}.Release|x86.ActiveCfg = Release|x86
		{CE614DF4-8D96-4C99-AA5F-E8BA5FAC80C8}.Release|x86.Build.0 = Release|x86
	EndGlobalSection
EndGlobal
